{
  "name": "test",
  "version": "1.0.0",
  "lockfileVersion": 3,
  "requires": true,
  "packages": {
    "": {
      "name": "test",
      "version": "1.0.0",
      "license": "ISC",
      "dependencies": {
        "expect.js": "^0.3.1"
      }
    },
    "node_modules/expect.js": {
      "version": "0.3.1",
      "resolved": "https://registry.npmjs.org/expect.js/-/expect.js-0.3.1.tgz",
      "integrity": "sha512-okDF/FAPEul1ZFLae4hrgpIqAeapoo5TRdcg/lD0iN9S3GWrBFIJwNezGH1DMtIz+RxU4RrFmMq7WUUvDg3J6A=="
    }
  }
}
